
Microsoft Visual Studio Solution File, Format Version 12.00
# Visual Studio Version 16
VisualStudioVersion = 16.0.30320.27
MinimumVisualStudioVersion = 10.0.40219.1
Project("{FAE04EC0-301F-11D3-BF4B-00C04F79EFBC}") = "XamarinDemoApp.Android", "XamarinDemoApp\XamarinDemoApp.Android\XamarinDemoApp.Android.csproj", "{9B8727C1-6233-4CEF-AF3E-9C2955678411}"
EndProject
Project("{FAE04EC0-301F-11D3-BF4B-00C04F79EFBC}") = "XamarinDemoApp.iOS", "XamarinDemoApp\XamarinDemoApp.iOS\XamarinDemoApp.iOS.csproj", "{E2DAD44B-DCAA-48BA-88AB-E530F4C4DBCA}"
EndProject
Project("{9A19103F-16F7-4668-BE54-9A1E7A4F7556}") = "XamarinDemoApp", "XamarinDemoApp\XamarinDemoApp\XamarinDemoApp.csproj", "{1E0BAE50-4FC3-4A47-8596-11AA64098F9A}"
EndProject
Project("{FAE04EC0-301F-11D3-BF4B-00C04F79EFBC}") = "WebServicesDemo", "WebServicesDemo\WebServicesDemo.csproj", "{F8E3F1A4-F6D1-4671-AA3B-94388C0D1562}"
EndProject
Global
	GlobalSection(SolutionConfigurationPlatforms) = preSolution
		Debug|Any CPU = Debug|Any CPU
		Debug|iPhone = Debug|iPhone
		Debug|iPhoneSimulator = Debug|iPhoneSimulator
		Release|Any CPU = Release|Any CPU
		Release|iPhone = Release|iPhone
		Release|iPhoneSimulator = Release|iPhoneSimulator
	EndGlobalSection
	GlobalSection(ProjectConfigurationPlatforms) = postSolution
		{9B8727C1-6233-4CEF-AF3E-9C2955678411}.Debug|Any CPU.ActiveCfg = Debug|Any CPU
		{9B8727C1-6233-4CEF-AF3E-9C2955678411}.Debug|Any CPU.Build.0 = Debug|Any CPU
		{9B8727C1-6233-4CEF-AF3E-9C2955678411}.Debug|Any CPU.Deploy.0 = Debug|Any CPU
		{9B8727C1-6233-4CEF-AF3E-9C2955678411}.Debug|iPhone.ActiveCfg = Debug|Any CPU
		{9B8727C1-6233-4CEF-AF3E-9C2955678411}.Debug|iPhone.Build.0 = Debug|Any CPU
		{9B8727C1-6233-4CEF-AF3E-9C2955678411}.Debug|iPhone.Deploy.0 = Debug|Any CPU
		{9B8727C1-6233-4CEF-AF3E-9C2955678411}.Debug|iPhoneSimulator.ActiveCfg = Debug|Any CPU
		{9B8727C1-6233-4CEF-AF3E-9C2955678411}.Debug|iPhoneSimulator.Build.0 = Debug|Any CPU
		{9B8727C1-6233-4CEF-AF3E-9C2955678411}.Debug|iPhoneSimulator.Deploy.0 = Debug|Any CPU
		{9B8727C1-6233-4CEF-AF3E-9C2955678411}.Release|Any CPU.ActiveCfg = Release|Any CPU
		{9B8727C1-6233-4CEF-AF3E-9C2955678411}.Release|Any CPU.Build.0 = Release|Any CPU
		{9B8727C1-6233-4CEF-AF3E-9C2955678411}.Release|Any CPU.Deploy.0 = Release|Any CPU
		{9B8727C1-6233-4CEF-AF3E-9C2955678411}.Release|iPhone.ActiveCfg = Release|Any CPU
		{9B8727C1-6233-4CEF-AF3E-9C2955678411}.Release|iPhone.Build.0 = Release|Any CPU
		{9B8727C1-6233-4CEF-AF3E-9C2955678411}.Release|iPhone.Deploy.0 = Release|Any CPU
		{9B8727C1-6233-4CEF-AF3E-9C2955678411}.Release|iPhoneSimulator.ActiveCfg = Release|Any CPU
		{9B8727C1-6233-4CEF-AF3E-9C2955678411}.Release|iPhoneSimulator.Build.0 = Release|Any CPU
		{9B8727C1-6233-4CEF-AF3E-9C2955678411}.Release|iPhoneSimulator.Deploy.0 = Release|Any CPU
		{E2DAD44B-DCAA-48BA-88AB-E530F4C4DBCA}.Debug|Any CPU.ActiveCfg = Debug|iPhone
		{E2DAD44B-DCAA-48BA-88AB-E530F4C4DBCA}.Debug|Any CPU.Build.0 = Debug|iPhone
		{E2DAD44B-DCAA-48BA-88AB-E530F4C4DBCA}.Debug|Any CPU.Deploy.0 = Debug|iPhone
		{E2DAD44B-DCAA-48BA-88AB-E530F4C4DBCA}.Debug|iPhone.ActiveCfg = Debug|iPhone
		{E2DAD44B-DCAA-48BA-88AB-E530F4C4DBCA}.Debug|iPhone.Build.0 = Debug|iPhone
		{E2DAD44B-DCAA-48BA-88AB-E530F4C4DBCA}.Debug|iPhone.Deploy.0 = Debug|iPhone
		{E2DAD44B-DCAA-48BA-88AB-E530F4C4DBCA}.Debug|iPhoneSimulator.ActiveCfg = Debug|iPhoneSimulator
		{E2DAD44B-DCAA-48BA-88AB-E530F4C4DBCA}.Debug|iPhoneSimulator.Build.0 = Debug|iPhoneSimulator
		{E2DAD44B-DCAA-48BA-88AB-E530F4C4DBCA}.Debug|iPhoneSimulator.Deploy.0 = Debug|iPhoneSimulator
		{E2DAD44B-DCAA-48BA-88AB-E530F4C4DBCA}.Release|Any CPU.ActiveCfg = Release|iPhone
		{E2DAD44B-DCAA-48BA-88AB-E530F4C4DBCA}.Release|Any CPU.Build.0 = Release|iPhone
		{E2DAD44B-DCAA-48BA-88AB-E530F4C4DBCA}.Release|Any CPU.Deploy.0 = Release|iPhone
		{E2DAD44B-DCAA-48BA-88AB-E530F4C4DBCA}.Release|iPhone.ActiveCfg = Release|iPhone
		{E2DAD44B-DCAA-48BA-88AB-E530F4C4DBCA}.Release|iPhone.Build.0 = Release|iPhone
		{E2DAD44B-DCAA-48BA-88AB-E530F4C4DBCA}.Release|iPhone.Deploy.0 = Release|iPhone
		{E2DAD44B-DCAA-48BA-88AB-E530F4C4DBCA}.Release|iPhoneSimulator.ActiveCfg = Release|iPhoneSimulator
		{E2DAD44B-DCAA-48BA-88AB-E530F4C4DBCA}.Release|iPhoneSimulator.Build.0 = Release|iPhoneSimulator
		{E2DAD44B-DCAA-48BA-88AB-E530F4C4DBCA}.Release|iPhoneSimulator.Deploy.0 = Release|iPhoneSimulator
		{1E0BAE50-4FC3-4A47-8596-11AA64098F9A}.Debug|Any CPU.ActiveCfg = Debug|Any CPU
		{1E0BAE50-4FC3-4A47-8596-11AA64098F9A}.Debug|Any CPU.Build.0 = Debug|Any CPU
		{1E0BAE50-4FC3-4A47-8596-11AA64098F9A}.Debug|Any CPU.Deploy.0 = Debug|Any CPU
		{1E0BAE50-4FC3-4A47-8596-11AA64098F9A}.Debug|iPhone.ActiveCfg = Debug|Any CPU
		{1E0BAE50-4FC3-4A47-8596-11AA64098F9A}.Debug|iPhone.Build.0 = Debug|Any CPU
		{1E0BAE50-4FC3-4A47-8596-11AA64098F9A}.Debug|iPhone.Deploy.0 = Debug|Any CPU
		{1E0BAE50-4FC3-4A47-8596-11AA64098F9A}.Debug|iPhoneSimulator.ActiveCfg = Debug|Any CPU
		{1E0BAE50-4FC3-4A47-8596-11AA64098F9A}.Debug|iPhoneSimulator.Build.0 = Debug|Any CPU
		{1E0BAE50-4FC3-4A47-8596-11AA64098F9A}.Debug|iPhoneSimulator.Deploy.0 = Debug|Any CPU
		{1E0BAE50-4FC3-4A47-8596-11AA64098F9A}.Release|Any CPU.ActiveCfg = Release|Any CPU
		{1E0BAE50-4FC3-4A47-8596-11AA64098F9A}.Release|Any CPU.Build.0 = Release|Any CPU
		{1E0BAE50-4FC3-4A47-8596-11AA64098F9A}.Release|Any CPU.Deploy.0 = Release|Any CPU
		{1E0BAE50-4FC3-4A47-8596-11AA64098F9A}.Release|iPhone.ActiveCfg = Release|Any CPU
		{1E0BAE50-4FC3-4A47-8596-11AA64098F9A}.Release|iPhone.Build.0 = Release|Any CPU
		{1E0BAE50-4FC3-4A47-8596-11AA64098F9A}.Release|iPhone.Deploy.0 = Release|Any CPU
		{1E0BAE50-4FC3-4A47-8596-11AA64098F9A}.Release|iPhoneSimulator.ActiveCfg = Release|Any CPU
		{1E0BAE50-4FC3-4A47-8596-11AA64098F9A}.Release|iPhoneSimulator.Build.0 = Release|Any CPU
		{1E0BAE50-4FC3-4A47-8596-11AA64098F9A}.Release|iPhoneSimulator.Deploy.0 = Release|Any CPU
		{F8E3F1A4-F6D1-4671-AA3B-94388C0D1562}.Debug|Any CPU.ActiveCfg = Debug|Any CPU
		{F8E3F1A4-F6D1-4671-AA3B-94388C0D1562}.Debug|Any CPU.Build.0 = Debug|Any CPU
		{F8E3F1A4-F6D1-4671-AA3B-94388C0D1562}.Debug|iPhone.ActiveCfg = Debug|Any CPU
		{F8E3F1A4-F6D1-4671-AA3B-94388C0D1562}.Debug|iPhone.Build.0 = Debug|Any CPU
		{F8E3F1A4-F6D1-4671-AA3B-94388C0D1562}.Debug|iPhoneSimulator.ActiveCfg = Debug|Any CPU
		{F8E3F1A4-F6D1-4671-AA3B-94388C0D1562}.Debug|iPhoneSimulator.Build.0 = Debug|Any CPU
		{F8E3F1A4-F6D1-4671-AA3B-94388C0D1562}.Release|Any CPU.ActiveCfg = Release|Any CPU
		{F8E3F1A4-F6D1-4671-AA3B-94388C0D1562}.Release|Any CPU.Build.0 = Release|Any CPU
		{F8E3F1A4-F6D1-4671-AA3B-94388C0D1562}.Release|iPhone.ActiveCfg = Release|Any CPU
		{F8E3F1A4-F6D1-4671-AA3B-94388C0D1562}.Release|iPhone.Build.0 = Release|Any CPU
		{F8E3F1A4-F6D1-4671-AA3B-94388C0D1562}.Release|iPhoneSimulator.ActiveCfg = Release|Any CPU
		{F8E3F1A4-F6D1-4671-AA3B-94388C0D1562}.Release|iPhoneSimulator.Build.0 = Release|Any CPU
	EndGlobalSection
	GlobalSection(SolutionProperties) = preSolution
		HideSolutionNode = FALSE
	EndGlobalSection
	GlobalSection(ExtensibilityGlobals) = postSolution
		SolutionGuid = {47B91C4C-DF3E-41C5-B318-0CCF62D068C0}
	EndGlobalSection
EndGlobal
